PODS:
  - GoogleWebRTC (1.1.31999)
  - L10n-swift (5.10.0):
    - L10n-swift/Core (= 5.10.0)
    - L10n-swift/Extension (= 5.10.0)
    - L10n-swift/IBInspectable (= 5.10.0)
  - L10n-swift/Core (5.10.0)
  - L10n-swift/Extension (5.10.0):
    - L10n-swift/Core
  - L10n-swift/IBInspectable (5.10.0):
    - L10n-swift/Core
  - ShimmerSwift (2.1.1)
  - SmartVideo (1.3.4):
    - GoogleWebRTC

DEPENDENCIES:
  - L10n-swift (~> 5.8)
  - ShimmerSwift
  - SmartVideo (~> 1.3.4)

SPEC REPOS:
  trunk:
    - GoogleWebRTC
    - L10n-swift
    - ShimmerSwift
    - SmartVideo

SPEC CHECKSUMS:
  GoogleWebRTC: b39a78c4f5cc6b0323415b9233db03a2faa7b0f0
  L10n-swift: 4674994a2783577bd90ed80775e7526bcae3da1e
  ShimmerSwift: f7ed2daf9c246de8299dfd9e12c6ab465cba9842
  SmartVideo: 1a75141bcdd2b6cc17bf67e0f9a6d144e42a7e27

PODFILE CHECKSUM: 09103b230f713f589a55a40f800c8296fe5ae499

COCOAPODS: 1.11.2
