PODS:
  - GoogleWebRTC (1.1.31999)
  - L10n-swift (5.10.0):
    - L10n-swift/Core (= 5.10.0)
    - L10n-swift/Extension (= 5.10.0)
    - L10n-swift/IBInspectable (= 5.10.0)
  - L10n-swift/Core (5.10.0)
  - L10n-swift/Extension (5.10.0):
    - L10n-swift/Core
  - L10n-swift/IBInspectable (5.10.0):
    - L10n-swift/Core
  - ShimmerSwift (2.1.1)
  - SmartVideo (20220314.140146):
    - GoogleWebRTC

DEPENDENCIES:
  - L10n-swift (~> 5.8)
  - ShimmerSwift
  - SmartVideo

SPEC REPOS:
  trunk:
    - GoogleWebRTC
    - L10n-swift
    - ShimmerSwift
    - SmartVideo

SPEC CHECKSUMS:
  GoogleWebRTC: b39a78c4f5cc6b0323415b9233db03a2faa7b0f0
  L10n-swift: 4674994a2783577bd90ed80775e7526bcae3da1e
  ShimmerSwift: f7ed2daf9c246de8299dfd9e12c6ab465cba9842
  SmartVideo: 7e42e9de15390f89f178034eb27e41232b6c2615

PODFILE CHECKSUM: b354e1a5d1eb041a252c94a925005d0880e06d5d

COCOAPODS: 1.11.2
